
Microsoft Visual Studio Solution File, Format Version 12.00
# Visual Studio Version 16
VisualStudioVersion = 16.0.30320.27
MinimumVisualStudioVersion = 10.0.40219.1
Project("{9A19103F-16F7-4668-BE54-9A1E7A4F7556}") = "Hamilton", "Hamilton\Hamilton.csproj", "{B8EFA192-D875-4510-A328-83E990D1B6F3}"
EndProject
Global
	GlobalSection(SolutionConfigurationPlatforms) = preSolution
		Debug|Any CPU = Debug|Any CPU
		Release|Any CPU = Release|Any CPU
	EndGlobalSection
	GlobalSection(ProjectConfigurationPlatforms) = postSolution
		{B8EFA192-D875-4510-A328-83E990D1B6F3}.Debug|Any CPU.ActiveCfg = Debug|Any CPU
		{B8EFA192-D875-4510-A328-83E990D1B6F3}.Debug|Any CPU.Build.0 = Debug|Any CPU
		{B8EFA192-D875-4510-A328-83E990D1B6F3}.Release|Any CPU.ActiveCfg = Release|Any CPU
		{B8EFA192-D875-4510-A328-83E990D1B6F3}.Release|Any CPU.Build.0 = Release|Any CPU
	EndGlobalSection
	GlobalSection(SolutionProperties) = preSolution
		HideSolutionNode = FALSE
	EndGlobalSection
	GlobalSection(ExtensibilityGlobals) = postSolution
		SolutionGuid = {ABD3A684-964D-45F6-9DCC-E25CEFBDC400}
	EndGlobalSection
EndGlobal
